// !$*UTF8*$!
{
	archiveVersion = 1;
	classes = {
	};
	objectVersion = 46;
	objects = {

/* Begin PBXBuildFile section */
		7DE2E6141C0350CE00893FCB /* main.cpp in Sources */ = {isa = PBXBuildFile; fileRef = 7DE2E6131C0350CE00893FCB /* main.cpp */; };
		7DE2E61D1C03523900893FCB /* gg.cpp in Sources */ = {isa = PBXBuildFile; fileRef = 7DE2E61B1C03523900893FCB /* gg.cpp */; };
		7DE2E6201C03524500893FCB /* Window.cpp in Sources */ = {isa = PBXBuildFile; fileRef = 7DE2E61E1C03524500893FCB /* Window.cpp */; };
		7DE2E6221C03524B00893FCB /* libglfw3_macos.a in Frameworks */ = {isa = PBXBuildFile; fileRef = 7DE2E6211C03524B00893FCB /* libglfw3_macos.a */; };
		7DE2E6251C0353C600893FCB /* point.vert in CopyFiles */ = {isa = PBXBuildFile; fileRef = 7DE2E6241C03538C00893FCB /* point.vert */; };
		7DE2E6261C0353C800893FCB /* point.frag in CopyFiles */ = {isa = PBXBuildFile; fileRef = 7DE2E6231C03538B00893FCB /* point.frag */; };
/* End PBXBuildFile section */

/* Begin PBXCopyFilesBuildPhase section */
		7DE2E60E1C0350CE00893FCB /* CopyFiles */ = {
			isa = PBXCopyFilesBuildPhase;
			buildActionMask = 12;
			dstPath = "";
			dstSubfolderSpec = 16;
			files = (
				7DE2E6251C0353C600893FCB /* point.vert in CopyFiles */,
				7DE2E6261C0353C800893FCB /* point.frag in CopyFiles */,
			);
			runOnlyForDeploymentPostprocessing = 0;
		};
/* End PBXCopyFilesBuildPhase section */

/* Begin PBXFileReference section */
		7DE2E6101C0350CE00893FCB /* mesh */ = {isa = PBXFileReference; explicitFileType = "compiled.mach-o.executable"; includeInIndex = 0; path = mesh; sourceTree = BUILT_PRODUCTS_DIR; };
		7DE2E6131C0350CE00893FCB /* main.cpp */ = {isa = PBXFileReference; fileEncoding = 8; lastKnownFileType = sourcecode.cpp.cpp; path = main.cpp; sourceTree = "<group>"; };
		7DE2E61A1C03522E00893FCB /* config.h */ = {isa = PBXFileReference; fileEncoding = 8; lastKnownFileType = sourcecode.c.h; path = config.h; sourceTree = "<group>"; };
		7DE2E61B1C03523900893FCB /* gg.cpp */ = {isa = PBXFileReference; fileEncoding = 8; lastKnownFileType = sourcecode.cpp.cpp; path = gg.cpp; sourceTree = "<group>"; };
		7DE2E61C1C03523900893FCB /* gg.h */ = {isa = PBXFileReference; fileEncoding = 8; lastKnownFileType = sourcecode.c.h; path = gg.h; sourceTree = "<group>"; };
		7DE2E61E1C03524500893FCB /* Window.cpp */ = {isa = PBXFileReference; fileEncoding = 8; lastKnownFileType = sourcecode.cpp.cpp; path = Window.cpp; sourceTree = "<group>"; };
		7DE2E61F1C03524500893FCB /* Window.h */ = {isa = PBXFileReference; fileEncoding = 8; lastKnownFileType = sourcecode.c.h; path = Window.h; sourceTree = "<group>"; };
		7DE2E6211C03524B00893FCB /* libglfw3_macos.a */ = {isa = PBXFileReference; lastKnownFileType = archive.ar; path = libglfw3_macos.a; sourceTree = "<group>"; };
		7DE2E6231C03538B00893FCB /* point.frag */ = {isa = PBXFileReference; fileEncoding = 8; lastKnownFileType = sourcecode.glsl; path = point.frag; sourceTree = "<group>"; };
		7DE2E6241C03538C00893FCB /* point.vert */ = {isa = PBXFileReference; fileEncoding = 8; lastKnownFileType = sourcecode.glsl; path = point.vert; sourceTree = "<group>"; };
/* End PBXFileReference section */

/* Begin PBXFrameworksBuildPhase section */
		7DE2E60D1C0350CE00893FCB /* Frameworks */ = {
			isa = PBXFrameworksBuildPhase;
			buildActionMask = 2147483647;
			files = (
				7DE2E6221C03524B00893FCB /* libglfw3_macos.a in Frameworks */,
			);
			runOnlyForDeploymentPostprocessing = 0;
		};
/* End PBXFrameworksBuildPhase section */

/* Begin PBXGroup section */
		7DE2E6071C0350CE00893FCB = {
			isa = PBXGroup;
			children = (
				7DE2E6121C0350CE00893FCB /* mesh */,
				7DE2E6111C0350CE00893FCB /* Products */,
			);
			sourceTree = "<group>";
		};
		7DE2E6111C0350CE00893FCB /* Products */ = {
			isa = PBXGroup;
			children = (
				7DE2E6101C0350CE00893FCB /* mesh */,
			);
			name = Products;
			sourceTree = "<group>";
		};
		7DE2E6121C0350CE00893FCB /* mesh */ = {
			isa = PBXGroup;
			children = (
				7DE2E61A1C03522E00893FCB /* config.h */,
				7DE2E6131C0350CE00893FCB /* main.cpp */,
				7DE2E61C1C03523900893FCB /* gg.h */,
				7DE2E61B1C03523900893FCB /* gg.cpp */,
				7DE2E61F1C03524500893FCB /* Window.h */,
				7DE2E61E1C03524500893FCB /* Window.cpp */,
				7DE2E6241C03538C00893FCB /* point.vert */,
				7DE2E6231C03538B00893FCB /* point.frag */,
				7DE2E6211C03524B00893FCB /* libglfw3_macos.a */,
			);
			path = mesh;
			sourceTree = "<group>";
		};
/* End PBXGroup section */

/* Begin PBXNativeTarget section */
		7DE2E60F1C0350CE00893FCB /* mesh */ = {
			isa = PBXNativeTarget;
			buildConfigurationList = 7DE2E6171C0350CE00893FCB /* Build configuration list for PBXNativeTarget "mesh" */;
			buildPhases = (
				7DE2E60C1C0350CE00893FCB /* Sources */,
				7DE2E60D1C0350CE00893FCB /* Frameworks */,
				7DE2E60E1C0350CE00893FCB /* CopyFiles */,
			);
			buildRules = (
			);
			dependencies = (
			);
			name = mesh;
			productName = mesh;
			productReference = 7DE2E6101C0350CE00893FCB /* mesh */;
			productType = "com.apple.product-type.tool";
		};
/* End PBXNativeTarget section */

/* Begin PBXProject section */
		7DE2E6081C0350CE00893FCB /* Project object */ = {
			isa = PBXProject;
			attributes = {
				LastUpgradeCheck = 0810;
				ORGANIZATIONNAME = "Kohe Tokoi";
				TargetAttributes = {
					7DE2E60F1C0350CE00893FCB = {
						CreatedOnToolsVersion = 7.1.1;
					};
				};
			};
			buildConfigurationList = 7DE2E60B1C0350CE00893FCB /* Build configuration list for PBXProject "mesh" */;
			compatibilityVersion = "Xcode 3.2";
			developmentRegion = English;
			hasScannedForEncodings = 0;
			knownRegions = (
				en,
			);
			mainGroup = 7DE2E6071C0350CE00893FCB;
			productRefGroup = 7DE2E6111C0350CE00893FCB /* Products */;
			projectDirPath = "";
			projectRoot = "";
			targets = (
				7DE2E60F1C0350CE00893FCB /* mesh */,
			);
		};
/* End PBXProject section */

/* Begin PBXSourcesBuildPhase section */
		7DE2E60C1C0350CE00893FCB /* Sources */ = {
			isa = PBXSourcesBuildPhase;
			buildActionMask = 2147483647;
			files = (
				7DE2E6141C0350CE00893FCB /* main.cpp in Sources */,
				7DE2E6201C03524500893FCB /* Window.cpp in Sources */,
				7DE2E61D1C03523900893FCB /* gg.cpp in Sources */,
			);
			runOnlyForDeploymentPostprocessing = 0;
		};
/* End PBXSourcesBuildPhase section */

/* Begin XCBuildConfiguration section */
		7DE2E6151C0350CE00893FCB /* Debug */ = {
			isa = XCBuildConfiguration;
			buildSettings = {
				ALWAYS_SEARCH_USER_PATHS = NO;
				CLANG_CXX_LANGUAGE_STANDARD = "gnu++0x";
				CLANG_CXX_LIBRARY = "libc++";
				CLANG_ENABLE_MODULES = YES;
				CLANG_ENABLE_OBJC_ARC = YES;
				CLANG_WARN_BOOL_CONVERSION = YES;
				CLANG_WARN_CONSTANT_CONVERSION = YES;
				CLANG_WARN_DIRECT_OBJC_ISA_USAGE = YES_ERROR;
				CLANG_WARN_EMPTY_BODY = YES;
				CLANG_WARN_ENUM_CONVERSION = YES;
				CLANG_WARN_INFINITE_RECURSION = YES;
				CLANG_WARN_INT_CONVERSION = YES;
				CLANG_WARN_OBJC_ROOT_CLASS = YES_ERROR;
				CLANG_WARN_SUSPICIOUS_MOVE = YES;
				CLANG_WARN_UNREACHABLE_CODE = YES;
				CLANG_WARN__DUPLICATE_METHOD_MATCH = YES;
				CODE_SIGN_IDENTITY = "-";
				COPY_PHASE_STRIP = NO;
				DEBUG_INFORMATION_FORMAT = dwarf;
				ENABLE_STRICT_OBJC_MSGSEND = YES;
				ENABLE_TESTABILITY = YES;
				GCC_C_LANGUAGE_STANDARD = gnu99;
				GCC_DYNAMIC_NO_PIC = NO;
				GCC_NO_COMMON_BLOCKS = YES;
				GCC_OPTIMIZATION_LEVEL = 0;
				GCC_PREPROCESSOR_DEFINITIONS = (
					"DEBUG=1",
					"$(inherited)",
				);
				GCC_WARN_64_TO_32_BIT_CONVERSION = YES;
				GCC_WARN_ABOUT_RETURN_TYPE = YES_ERROR;
				GCC_WARN_UNDECLARED_SELECTOR = YES;
				GCC_WARN_UNINITIALIZED_AUTOS = YES_AGGRESSIVE;
				GCC_WARN_UNUSED_FUNCTION = YES;
				GCC_WARN_UNUSED_VARIABLE = YES;
				MACOSX_DEPLOYMENT_TARGET = 10.11;
				MTL_ENABLE_DEBUG_INFO = YES;
				ONLY_ACTIVE_ARCH = YES;
				SDKROOT = macosx;
			};
			name = Debug;
		};
		7DE2E6161C0350CE00893FCB /* Release */ = {
			isa = XCBuildConfiguration;
			buildSettings = {
				ALWAYS_SEARCH_USER_PATHS = NO;
				CLANG_CXX_LANGUAGE_STANDARD = "gnu++0x";
				CLANG_CXX_LIBRARY = "libc++";
				CLANG_ENABLE_MODULES = YES;
				CLANG_ENABLE_OBJC_ARC = YES;
				CLANG_WARN_BOOL_CONVERSION = YES;
				CLANG_WARN_CONSTANT_CONVERSION = YES;
				CLANG_WARN_DIRECT_OBJC_ISA_USAGE = YES_ERROR;
				CLANG_WARN_EMPTY_BODY = YES;
				CLANG_WARN_ENUM_CONVERSION = YES;
				CLANG_WARN_INFINITE_RECURSION = YES;
				CLANG_WARN_INT_CONVERSION = YES;
				CLANG_WARN_OBJC_ROOT_CLASS = YES_ERROR;
				CLANG_WARN_SUSPICIOUS_MOVE = YES;
				CLANG_WARN_UNREACHABLE_CODE = YES;
				CLANG_WARN__DUPLICATE_METHOD_MATCH = YES;
				CODE_SIGN_IDENTITY = "-";
				COPY_PHASE_STRIP = NO;
				DEBUG_INFORMATION_FORMAT = "dwarf-with-dsym";
				ENABLE_NS_ASSERTIONS = NO;
				ENABLE_STRICT_OBJC_MSGSEND = YES;
				GCC_C_LANGUAGE_STANDARD = gnu99;
				GCC_NO_COMMON_BLOCKS = YES;
				GCC_WARN_64_TO_32_BIT_CONVERSION = YES;
				GCC_WARN_ABOUT_RETURN_TYPE = YES_ERROR;
				GCC_WARN_UNDECLARED_SELECTOR = YES;
				GCC_WARN_UNINITIALIZED_AUTOS = YES_AGGRESSIVE;
				GCC_WARN_UNUSED_FUNCTION = YES;
				GCC_WARN_UNUSED_VARIABLE = YES;
				MACOSX_DEPLOYMENT_TARGET = 10.11;
				MTL_ENABLE_DEBUG_INFO = NO;
				SDKROOT = macosx;
			};
			name = Release;
		};
		7DE2E6181C0350CE00893FCB /* Debug */ = {
			isa = XCBuildConfiguration;
			buildSettings = {
				LIBRARY_SEARCH_PATHS = (
					"$(inherited)",
					"$(PROJECT_DIR)/mesh",
				);
				OTHER_LDFLAGS = (
					"-framework",
					OpenGL,
					"-framework",
					CoreVideo,
					"-framework",
					IOKit,
					"-framework",
					Cocoa,
				);
				PRODUCT_NAME = "$(TARGET_NAME)";
			};
			name = Debug;
		};
		7DE2E6191C0350CE00893FCB /* Release */ = {
			isa = XCBuildConfiguration;
			buildSettings = {
				LIBRARY_SEARCH_PATHS = (
					"$(inherited)",
					"$(PROJECT_DIR)/mesh",
				);
				OTHER_LDFLAGS = (
					"-framework",
					OpenGL,
					"-framework",
					CoreVideo,
					"-framework",
					IOKit,
					"-framework",
					Cocoa,
				);
				PRODUCT_NAME = "$(TARGET_NAME)";
			};
			name = Release;
		};
/* End XCBuildConfiguration section */

/* Begin XCConfigurationList section */
		7DE2E60B1C0350CE00893FCB /* Build configuration list for PBXProject "mesh" */ = {
			isa = XCConfigurationList;
			buildConfigurations = (
				7DE2E6151C0350CE00893FCB /* Debug */,
				7DE2E6161C0350CE00893FCB /* Release */,
			);
			defaultConfigurationIsVisible = 0;
			defaultConfigurationName = Release;
		};
		7DE2E6171C0350CE00893FCB /* Build configuration list for PBXNativeTarget "mesh" */ = {
			isa = XCConfigurationList;
			buildConfigurations = (
				7DE2E6181C0350CE00893FCB /* Debug */,
				7DE2E6191C0350CE00893FCB /* Release */,
			);
			defaultConfigurationIsVisible = 0;
			defaultConfigurationName = Release;
		};
/* End XCConfigurationList section */
	};
	rootObject = 7DE2E6081C0350CE00893FCB /* Project object */;
}
